<?xml version="1.0" encoding="utf-8"?>
<Project ToolsVersion="4.0" xmlns="http://schemas.microsoft.com/developer/msbuild/2003">
  <ItemGroup>
    <Filter Include="Source Files">
      <UniqueIdentifier>{4FC737F1-C7A5-4376-A066-2A32D752A2FF}</UniqueIdentifier>
      <Extensions>cpp;c;cc;cxx;c++;cppm;ixx;def;odl;idl;hpj;bat;asm;asmx</Extensions>
    </Filter>
    <Filter Include="Source Files\Client">
      <UniqueIdentifier>{2c4bd630-7aae-4c4a-841b-aac82f05ef4a}</UniqueIdentifier>
    </Filter>
    <Filter Include="Source Files\TcpSocket">
      <UniqueIdentifier>{51468d11-4d91-46b8-8690-a8acc4102a20}</UniqueIdentifier>
    </Filter>
    <Filter Include="Source Files\InputHandler">
      <UniqueIdentifier>{9fdb2a07-c845-4903-bd4d-e3762a37a913}</UniqueIdentifier>
    </Filter>
    <Filter Include="Source Files\Utils">
      <UniqueIdentifier>{d00a62f0-9b64-4a0b-a57f-63228f69e0c2}</UniqueIdentifier>
    </Filter>
  </ItemGroup>
  <ItemGroup>
    <ClCompile Include="Source.cpp">
      <Filter>Source Files</Filter>
    </ClCompile>
    <ClCompile Include="src\Client.cpp">
      <Filter>Source Files\Client</Filter>
    </ClCompile>
    <ClCompile Include="..\Common\SenderReceiver.cpp">
      <Filter>Source Files\TcpSocket</Filter>
    </ClCompile>
    <ClCompile Include="..\Common\TcpSocket.cpp">
      <Filter>Source Files\TcpSocket</Filter>
    </ClCompile>
    <ClCompile Include="src\InputHandler.cpp">
      <Filter>Source Files\InputHandler</Filter>
    </ClCompile>
  </ItemGroup>
  <ItemGroup>
    <ClInclude Include="src\Client.h">
      <Filter>Source Files\Client</Filter>
    </ClInclude>
    <ClInclude Include="..\Common\SenderReceiver.h">
      <Filter>Source Files\TcpSocket</Filter>
    </ClInclude>
    <ClInclude Include="..\Common\TcpSocket.h">
      <Filter>Source Files\TcpSocket</Filter>
    </ClInclude>
    <ClInclude Include="src\InputHandler.h">
      <Filter>Source Files\InputHandler</Filter>
    </ClInclude>
    <ClInclude Include="..\Common\Utils.h">
      <Filter>Source Files\Utils</Filter>
    </ClInclude>
  </ItemGroup>
</Project>